// !$*UTF8*$!
{
	archiveVersion = 1;
	classes = {
	};
	objectVersion = 56;
	objects = {

/* Begin PBXBuildFile section */
		5E1C9E752BFC819200AB9E1D /* endpoint_qa_automation_test_ram4ikApp.swift in Sources */ = {isa = PBXBuildFile; fileRef = 5E1C9E742BFC819200AB9E1D /* endpoint_qa_automation_test_ram4ikApp.swift */; };
		5E1C9E772BFC819200AB9E1D /* ContentView.swift in Sources */ = {isa = PBXBuildFile; fileRef = 5E1C9E762BFC819200AB9E1D /* ContentView.swift */; };
		5E1C9E792BFC819300AB9E1D /* Assets.xcassets in Resources */ = {isa = PBXBuildFile; fileRef = 5E1C9E782BFC819300AB9E1D /* Assets.xcassets */; };
		5E1C9E7C2BFC819300AB9E1D /* Preview Assets.xcassets in Resources */ = {isa = PBXBuildFile; fileRef = 5E1C9E7B2BFC819300AB9E1D /* Preview Assets.xcassets */; };
		5E1C9E942BFC822F00AB9E1D /* test1.swift in Sources */ = {isa = PBXBuildFile; fileRef = 5E1C9E932BFC822F00AB9E1D /* test1.swift */; };
		5E1C9E962BFC823E00AB9E1D /* test2.swift in Sources */ = {isa = PBXBuildFile; fileRef = 5E1C9E952BFC823E00AB9E1D /* test2.swift */; };
		5E5880042C0054BC00A35BE2 /* helper.swift in Sources */ = {isa = PBXBuildFile; fileRef = 5E5880032C0054BC00A35BE2 /* helper.swift */; };
		5E58800A2C005BA200A35BE2 /* attachments.txt in Resources */ = {isa = PBXBuildFile; fileRef = 5E5880092C005BA200A35BE2 /* attachments.txt */; };
		5E58800B2C005BA200A35BE2 /* attachments.txt in Resources */ = {isa = PBXBuildFile; fileRef = 5E5880092C005BA200A35BE2 /* attachments.txt */; };
/* End PBXBuildFile section */

/* Begin PBXContainerItemProxy section */
		5E1C9E8D2BFC81C200AB9E1D /* PBXContainerItemProxy */ = {
			isa = PBXContainerItemProxy;
			containerPortal = 5E1C9E692BFC819200AB9E1D /* Project object */;
			proxyType = 1;
			remoteGlobalIDString = 5E1C9E702BFC819200AB9E1D;
			remoteInfo = "endpoint-qa-automation-test-ram4ik";
		};
/* End PBXContainerItemProxy section */

/* Begin PBXFileReference section */
		5E1C9E712BFC819200AB9E1D /* endpoint-qa-automation-test-ram4ik.app */ = {isa = PBXFileReference; explicitFileType = wrapper.application; includeInIndex = 0; path = "endpoint-qa-automation-test-ram4ik.app"; sourceTree = BUILT_PRODUCTS_DIR; };
		5E1C9E742BFC819200AB9E1D /* endpoint_qa_automation_test_ram4ikApp.swift */ = {isa = PBXFileReference; lastKnownFileType = sourcecode.swift; path = endpoint_qa_automation_test_ram4ikApp.swift; sourceTree = "<group>"; };
		5E1C9E762BFC819200AB9E1D /* ContentView.swift */ = {isa = PBXFileReference; lastKnownFileType = sourcecode.swift; path = ContentView.swift; sourceTree = "<group>"; };
		5E1C9E782BFC819300AB9E1D /* Assets.xcassets */ = {isa = PBXFileReference; lastKnownFileType = folder.assetcatalog; path = Assets.xcassets; sourceTree = "<group>"; };
		5E1C9E7B2BFC819300AB9E1D /* Preview Assets.xcassets */ = {isa = PBXFileReference; lastKnownFileType = folder.assetcatalog; path = "Preview Assets.xcassets"; sourceTree = "<group>"; };
		5E1C9E7D2BFC819300AB9E1D /* endpoint_qa_automation_test_ram4ik.entitlements */ = {isa = PBXFileReference; lastKnownFileType = text.plist.entitlements; path = endpoint_qa_automation_test_ram4ik.entitlements; sourceTree = "<group>"; };
		5E1C9E872BFC81C200AB9E1D /* endpoint-qa-automation-test-ram4ikUITests.xctest */ = {isa = PBXFileReference; explicitFileType = wrapper.cfbundle; includeInIndex = 0; path = "endpoint-qa-automation-test-ram4ikUITests.xctest"; sourceTree = BUILT_PRODUCTS_DIR; };
		5E1C9E922BFC822F00AB9E1D /* endpoint-qa-automation-test-ram4ikUITests-Bridging-Header.h */ = {isa = PBXFileReference; lastKnownFileType = sourcecode.c.h; path = "endpoint-qa-automation-test-ram4ikUITests-Bridging-Header.h"; sourceTree = "<group>"; };
		5E1C9E932BFC822F00AB9E1D /* test1.swift */ = {isa = PBXFileReference; lastKnownFileType = sourcecode.swift; path = test1.swift; sourceTree = "<group>"; };
		5E1C9E952BFC823E00AB9E1D /* test2.swift */ = {isa = PBXFileReference; lastKnownFileType = sourcecode.swift; path = test2.swift; sourceTree = "<group>"; };
		5E5880032C0054BC00A35BE2 /* helper.swift */ = {isa = PBXFileReference; lastKnownFileType = sourcecode.swift; path = helper.swift; sourceTree = "<group>"; };
		5E5880092C005BA200A35BE2 /* attachments.txt */ = {isa = PBXFileReference; fileEncoding = 4; lastKnownFileType = text; path = attachments.txt; sourceTree = "<group>"; };
/* End PBXFileReference section */

/* Begin PBXFrameworksBuildPhase section */
		5E1C9E6E2BFC819200AB9E1D /* Frameworks */ = {
			isa = PBXFrameworksBuildPhase;
			buildActionMask = 2147483647;
			files = (
			);
			runOnlyForDeploymentPostprocessing = 0;
		};
		5E1C9E842BFC81C200AB9E1D /* Frameworks */ = {
			isa = PBXFrameworksBuildPhase;
			buildActionMask = 2147483647;
			files = (
			);
			runOnlyForDeploymentPostprocessing = 0;
		};
/* End PBXFrameworksBuildPhase section */

/* Begin PBXGroup section */
		5E1C9E682BFC819200AB9E1D = {
			isa = PBXGroup;
			children = (
				5E1C9E732BFC819200AB9E1D /* endpoint-qa-automation-test-ram4ik */,
				5E1C9E882BFC81C200AB9E1D /* endpoint-qa-automation-test-ram4ikUITests */,
				5E1C9E722BFC819200AB9E1D /* Products */,
			);
			sourceTree = "<group>";
		};
		5E1C9E722BFC819200AB9E1D /* Products */ = {
			isa = PBXGroup;
			children = (
				5E1C9E712BFC819200AB9E1D /* endpoint-qa-automation-test-ram4ik.app */,
				5E1C9E872BFC81C200AB9E1D /* endpoint-qa-automation-test-ram4ikUITests.xctest */,
			);
			name = Products;
			sourceTree = "<group>";
		};
		5E1C9E732BFC819200AB9E1D /* endpoint-qa-automation-test-ram4ik */ = {
			isa = PBXGroup;
			children = (
				5E1C9E742BFC819200AB9E1D /* endpoint_qa_automation_test_ram4ikApp.swift */,
				5E1C9E762BFC819200AB9E1D /* ContentView.swift */,
				5E1C9E782BFC819300AB9E1D /* Assets.xcassets */,
				5E1C9E7D2BFC819300AB9E1D /* endpoint_qa_automation_test_ram4ik.entitlements */,
				5E1C9E7A2BFC819300AB9E1D /* Preview Content */,
			);
			path = "endpoint-qa-automation-test-ram4ik";
			sourceTree = "<group>";
		};
		5E1C9E7A2BFC819300AB9E1D /* Preview Content */ = {
			isa = PBXGroup;
			children = (
				5E1C9E7B2BFC819300AB9E1D /* Preview Assets.xcassets */,
			);
			path = "Preview Content";
			sourceTree = "<group>";
		};
		5E1C9E882BFC81C200AB9E1D /* endpoint-qa-automation-test-ram4ikUITests */ = {
			isa = PBXGroup;
			children = (
				5E5880092C005BA200A35BE2 /* attachments.txt */,
				5E5880022C0054AD00A35BE2 /* helper */,
				5E1C9E932BFC822F00AB9E1D /* test1.swift */,
				5E1C9E952BFC823E00AB9E1D /* test2.swift */,
				5E1C9E922BFC822F00AB9E1D /* endpoint-qa-automation-test-ram4ikUITests-Bridging-Header.h */,
			);
			path = "endpoint-qa-automation-test-ram4ikUITests";
			sourceTree = "<group>";
		};
		5E5880022C0054AD00A35BE2 /* helper */ = {
			isa = PBXGroup;
			children = (
				5E5880032C0054BC00A35BE2 /* helper.swift */,
			);
			path = helper;
			sourceTree = "<group>";
		};
/* End PBXGroup section */

/* Begin PBXNativeTarget section */
		5E1C9E702BFC819200AB9E1D /* endpoint-qa-automation-test-ram4ik */ = {
			isa = PBXNativeTarget;
			buildConfigurationList = 5E1C9E802BFC819300AB9E1D /* Build configuration list for PBXNativeTarget "endpoint-qa-automation-test-ram4ik" */;
			buildPhases = (
				5E1C9E6D2BFC819200AB9E1D /* Sources */,
				5E1C9E6E2BFC819200AB9E1D /* Frameworks */,
				5E1C9E6F2BFC819200AB9E1D /* Resources */,
			);
			buildRules = (
			);
			dependencies = (
			);
			name = "endpoint-qa-automation-test-ram4ik";
			productName = "endpoint-qa-automation-test-ram4ik";
			productReference = 5E1C9E712BFC819200AB9E1D /* endpoint-qa-automation-test-ram4ik.app */;
			productType = "com.apple.product-type.application";
		};
		5E1C9E862BFC81C200AB9E1D /* endpoint-qa-automation-test-ram4ikUITests */ = {
			isa = PBXNativeTarget;
			buildConfigurationList = 5E1C9E8F2BFC81C200AB9E1D /* Build configuration list for PBXNativeTarget "endpoint-qa-automation-test-ram4ikUITests" */;
			buildPhases = (
				5E1C9E832BFC81C200AB9E1D /* Sources */,
				5E1C9E842BFC81C200AB9E1D /* Frameworks */,
				5E1C9E852BFC81C200AB9E1D /* Resources */,
			);
			buildRules = (
			);
			dependencies = (
				5E1C9E8E2BFC81C200AB9E1D /* PBXTargetDependency */,
			);
			name = "endpoint-qa-automation-test-ram4ikUITests";
			productName = "endpoint-qa-automation-test-ram4ikUITests";
			productReference = 5E1C9E872BFC81C200AB9E1D /* endpoint-qa-automation-test-ram4ikUITests.xctest */;
			productType = "com.apple.product-type.bundle.ui-testing";
		};
/* End PBXNativeTarget section */

/* Begin PBXProject section */
		5E1C9E692BFC819200AB9E1D /* Project object */ = {
			isa = PBXProject;
			attributes = {
				BuildIndependentTargetsInParallel = 1;
				LastSwiftUpdateCheck = 1540;
				LastUpgradeCheck = 1540;
				TargetAttributes = {
					5E1C9E702BFC819200AB9E1D = {
						CreatedOnToolsVersion = 15.4;
					};
					5E1C9E862BFC81C200AB9E1D = {
						CreatedOnToolsVersion = 15.4;
						LastSwiftMigration = 1540;
						TestTargetID = 5E1C9E702BFC819200AB9E1D;
					};
				};
			};
			buildConfigurationList = 5E1C9E6C2BFC819200AB9E1D /* Build configuration list for PBXProject "endpoint-qa-automation-test-ram4ik" */;
			compatibilityVersion = "Xcode 14.0";
			developmentRegion = en;
			hasScannedForEncodings = 0;
			knownRegions = (
				en,
				Base,
			);
			mainGroup = 5E1C9E682BFC819200AB9E1D;
			productRefGroup = 5E1C9E722BFC819200AB9E1D /* Products */;
			projectDirPath = "";
			projectRoot = "";
			targets = (
				5E1C9E702BFC819200AB9E1D /* endpoint-qa-automation-test-ram4ik */,
				5E1C9E862BFC81C200AB9E1D /* endpoint-qa-automation-test-ram4ikUITests */,
			);
		};
/* End PBXProject section */

/* Begin PBXResourcesBuildPhase section */
		5E1C9E6F2BFC819200AB9E1D /* Resources */ = {
			isa = PBXResourcesBuildPhase;
			buildActionMask = 2147483647;
			files = (
				5E58800A2C005BA200A35BE2 /* attachments.txt in Resources */,
				5E1C9E7C2BFC819300AB9E1D /* Preview Assets.xcassets in Resources */,
				5E1C9E792BFC819300AB9E1D /* Assets.xcassets in Resources */,
			);
			runOnlyForDeploymentPostprocessing = 0;
		};
		5E1C9E852BFC81C200AB9E1D /* Resources */ = {
			isa = PBXResourcesBuildPhase;
			buildActionMask = 2147483647;
			files = (
				5E58800B2C005BA200A35BE2 /* attachments.txt in Resources */,
			);
			runOnlyForDeploymentPostprocessing = 0;
		};
/* End PBXResourcesBuildPhase section */

/* Begin PBXSourcesBuildPhase section */
		5E1C9E6D2BFC819200AB9E1D /* Sources */ = {
			isa = PBXSourcesBuildPhase;
			buildActionMask = 2147483647;
			files = (
				5E1C9E772BFC819200AB9E1D /* ContentView.swift in Sources */,
				5E1C9E752BFC819200AB9E1D /* endpoint_qa_automation_test_ram4ikApp.swift in Sources */,
			);
			runOnlyForDeploymentPostprocessing = 0;
		};
		5E1C9E832BFC81C200AB9E1D /* Sources */ = {
			isa = PBXSourcesBuildPhase;
			buildActionMask = 2147483647;
			files = (
				5E5880042C0054BC00A35BE2 /* helper.swift in Sources */,
				5E1C9E962BFC823E00AB9E1D /* test2.swift in Sources */,
				5E1C9E942BFC822F00AB9E1D /* test1.swift in Sources */,
			);
			runOnlyForDeploymentPostprocessing = 0;
		};
/* End PBXSourcesBuildPhase section */

/* Begin PBXTargetDependency section */
		5E1C9E8E2BFC81C200AB9E1D /* PBXTargetDependency */ = {
			isa = PBXTargetDependency;
			target = 5E1C9E702BFC819200AB9E1D /* endpoint-qa-automation-test-ram4ik */;
			targetProxy = 5E1C9E8D2BFC81C200AB9E1D /* PBXContainerItemProxy */;
		};
/* End PBXTargetDependency section */

/* Begin XCBuildConfiguration section */
		5E1C9E7E2BFC819300AB9E1D /* Debug */ = {
			isa = XCBuildConfiguration;
			buildSettings = {
				ALWAYS_SEARCH_USER_PATHS = NO;
				ASSETCATALOG_COMPILER_GENERATE_SWIFT_ASSET_SYMBOL_EXTENSIONS = YES;
				CLANG_ANALYZER_NONNULL = YES;
				CLANG_ANALYZER_NUMBER_OBJECT_CONVERSION = YES_AGGRESSIVE;
				CLANG_CXX_LANGUAGE_STANDARD = "gnu++20";
				CLANG_ENABLE_MODULES = YES;
				CLANG_ENABLE_OBJC_ARC = YES;
				CLANG_ENABLE_OBJC_WEAK = YES;
				CLANG_WARN_BLOCK_CAPTURE_AUTORELEASING = YES;
				CLANG_WARN_BOOL_CONVERSION = YES;
				CLANG_WARN_COMMA = YES;
				CLANG_WARN_CONSTANT_CONVERSION = YES;
				CLANG_WARN_DEPRECATED_OBJC_IMPLEMENTATIONS = YES;
				CLANG_WARN_DIRECT_OBJC_ISA_USAGE = YES_ERROR;
				CLANG_WARN_DOCUMENTATION_COMMENTS = YES;
				CLANG_WARN_EMPTY_BODY = YES;
				CLANG_WARN_ENUM_CONVERSION = YES;
				CLANG_WARN_INFINITE_RECURSION = YES;
				CLANG_WARN_INT_CONVERSION = YES;
				CLANG_WARN_NON_LITERAL_NULL_CONVERSION = YES;
				CLANG_WARN_OBJC_IMPLICIT_RETAIN_SELF = YES;
				CLANG_WARN_OBJC_LITERAL_CONVERSION = YES;
				CLANG_WARN_OBJC_ROOT_CLASS = YES_ERROR;
				CLANG_WARN_QUOTED_INCLUDE_IN_FRAMEWORK_HEADER = YES;
				CLANG_WARN_RANGE_LOOP_ANALYSIS = YES;
				CLANG_WARN_STRICT_PROTOTYPES = YES;
				CLANG_WARN_SUSPICIOUS_MOVE = YES;
				CLANG_WARN_UNGUARDED_AVAILABILITY = YES_AGGRESSIVE;
				CLANG_WARN_UNREACHABLE_CODE = YES;
				CLANG_WARN__DUPLICATE_METHOD_MATCH = YES;
				COPY_PHASE_STRIP = NO;
				DEBUG_INFORMATION_FORMAT = dwarf;
				ENABLE_STRICT_OBJC_MSGSEND = YES;
				ENABLE_TESTABILITY = YES;
				ENABLE_USER_SCRIPT_SANDBOXING = YES;
				GCC_C_LANGUAGE_STANDARD = gnu17;
				GCC_DYNAMIC_NO_PIC = NO;
				GCC_NO_COMMON_BLOCKS = YES;
				GCC_OPTIMIZATION_LEVEL = 0;
				GCC_PREPROCESSOR_DEFINITIONS = (
					"DEBUG=1",
					"$(inherited)",
				);
				GCC_WARN_64_TO_32_BIT_CONVERSION = YES;
				GCC_WARN_ABOUT_RETURN_TYPE = YES_ERROR;
				GCC_WARN_UNDECLARED_SELECTOR = YES;
				GCC_WARN_UNINITIALIZED_AUTOS = YES_AGGRESSIVE;
				GCC_WARN_UNUSED_FUNCTION = YES;
				GCC_WARN_UNUSED_VARIABLE = YES;
				LOCALIZATION_PREFERS_STRING_CATALOGS = YES;
				MACOSX_DEPLOYMENT_TARGET = 14.5;
				MTL_ENABLE_DEBUG_INFO = INCLUDE_SOURCE;
				MTL_FAST_MATH = YES;
				ONLY_ACTIVE_ARCH = YES;
				SDKROOT = macosx;
				SWIFT_ACTIVE_COMPILATION_CONDITIONS = "DEBUG $(inherited)";
				SWIFT_OPTIMIZATION_LEVEL = "-Onone";
			};
			name = Debug;
		};
		5E1C9E7F2BFC819300AB9E1D /* Release */ = {
			isa = XCBuildConfiguration;
			buildSettings = {
				ALWAYS_SEARCH_USER_PATHS = NO;
				ASSETCATALOG_COMPILER_GENERATE_SWIFT_ASSET_SYMBOL_EXTENSIONS = YES;
				CLANG_ANALYZER_NONNULL = YES;
				CLANG_ANALYZER_NUMBER_OBJECT_CONVERSION = YES_AGGRESSIVE;
				CLANG_CXX_LANGUAGE_STANDARD = "gnu++20";
				CLANG_ENABLE_MODULES = YES;
				CLANG_ENABLE_OBJC_ARC = YES;
				CLANG_ENABLE_OBJC_WEAK = YES;
				CLANG_WARN_BLOCK_CAPTURE_AUTORELEASING = YES;
				CLANG_WARN_BOOL_CONVERSION = YES;
				CLANG_WARN_COMMA = YES;
				CLANG_WARN_CONSTANT_CONVERSION = YES;
				CLANG_WARN_DEPRECATED_OBJC_IMPLEMENTATIONS = YES;
				CLANG_WARN_DIRECT_OBJC_ISA_USAGE = YES_ERROR;
				CLANG_WARN_DOCUMENTATION_COMMENTS = YES;
				CLANG_WARN_EMPTY_BODY = YES;
				CLANG_WARN_ENUM_CONVERSION = YES;
				CLANG_WARN_INFINITE_RECURSION = YES;
				CLANG_WARN_INT_CONVERSION = YES;
				CLANG_WARN_NON_LITERAL_NULL_CONVERSION = YES;
				CLANG_WARN_OBJC_IMPLICIT_RETAIN_SELF = YES;
				CLANG_WARN_OBJC_LITERAL_CONVERSION = YES;
				CLANG_WARN_OBJC_ROOT_CLASS = YES_ERROR;
				CLANG_WARN_QUOTED_INCLUDE_IN_FRAMEWORK_HEADER = YES;
				CLANG_WARN_RANGE_LOOP_ANALYSIS = YES;
				CLANG_WARN_STRICT_PROTOTYPES = YES;
				CLANG_WARN_SUSPICIOUS_MOVE = YES;
				CLANG_WARN_UNGUARDED_AVAILABILITY = YES_AGGRESSIVE;
				CLANG_WARN_UNREACHABLE_CODE = YES;
				CLANG_WARN__DUPLICATE_METHOD_MATCH = YES;
				COPY_PHASE_STRIP = NO;
				DEBUG_INFORMATION_FORMAT = "dwarf-with-dsym";
				ENABLE_NS_ASSERTIONS = NO;
				ENABLE_STRICT_OBJC_MSGSEND = YES;
				ENABLE_USER_SCRIPT_SANDBOXING = YES;
				GCC_C_LANGUAGE_STANDARD = gnu17;
				GCC_NO_COMMON_BLOCKS = YES;
				GCC_WARN_64_TO_32_BIT_CONVERSION = YES;
				GCC_WARN_ABOUT_RETURN_TYPE = YES_ERROR;
				GCC_WARN_UNDECLARED_SELECTOR = YES;
				GCC_WARN_UNINITIALIZED_AUTOS = YES_AGGRESSIVE;
				GCC_WARN_UNUSED_FUNCTION = YES;
				GCC_WARN_UNUSED_VARIABLE = YES;
				LOCALIZATION_PREFERS_STRING_CATALOGS = YES;
				MACOSX_DEPLOYMENT_TARGET = 14.5;
				MTL_ENABLE_DEBUG_INFO = NO;
				MTL_FAST_MATH = YES;
				SDKROOT = macosx;
				SWIFT_COMPILATION_MODE = wholemodule;
			};
			name = Release;
		};
		5E1C9E812BFC819300AB9E1D /* Debug */ = {
			isa = XCBuildConfiguration;
			buildSettings = {
				ASSETCATALOG_COMPILER_APPICON_NAME = AppIcon;
				ASSETCATALOG_COMPILER_GLOBAL_ACCENT_COLOR_NAME = AccentColor;
				CODE_SIGN_ENTITLEMENTS = "endpoint-qa-automation-test-ram4ik/endpoint_qa_automation_test_ram4ik.entitlements";
				CODE_SIGN_STYLE = Automatic;
				COMBINE_HIDPI_IMAGES = YES;
				CURRENT_PROJECT_VERSION = 1;
				DEVELOPMENT_ASSET_PATHS = "\"endpoint-qa-automation-test-ram4ik/Preview Content\"";
				DEVELOPMENT_TEAM = L8W86DZDY2;
				ENABLE_HARDENED_RUNTIME = YES;
				ENABLE_PREVIEWS = YES;
				GENERATE_INFOPLIST_FILE = YES;
				INFOPLIST_KEY_NSHumanReadableCopyright = "";
				LD_RUNPATH_SEARCH_PATHS = (
					"$(inherited)",
					"@executable_path/../Frameworks",
				);
				MARKETING_VERSION = 1.0;
				PRODUCT_BUNDLE_IDENTIFIER = "com.ri.endpoint-qa-automation-test-ram4ik";
				PRODUCT_NAME = "$(TARGET_NAME)";
				SWIFT_EMIT_LOC_STRINGS = YES;
				SWIFT_VERSION = 5.0;
			};
			name = Debug;
		};
		5E1C9E822BFC819300AB9E1D /* Release */ = {
			isa = XCBuildConfiguration;
			buildSettings = {
				ASSETCATALOG_COMPILER_APPICON_NAME = AppIcon;
				ASSETCATALOG_COMPILER_GLOBAL_ACCENT_COLOR_NAME = AccentColor;
				CODE_SIGN_ENTITLEMENTS = "endpoint-qa-automation-test-ram4ik/endpoint_qa_automation_test_ram4ik.entitlements";
				CODE_SIGN_STYLE = Automatic;
				COMBINE_HIDPI_IMAGES = YES;
				CURRENT_PROJECT_VERSION = 1;
				DEVELOPMENT_ASSET_PATHS = "\"endpoint-qa-automation-test-ram4ik/Preview Content\"";
				DEVELOPMENT_TEAM = L8W86DZDY2;
				ENABLE_HARDENED_RUNTIME = YES;
				ENABLE_PREVIEWS = YES;
				GENERATE_INFOPLIST_FILE = YES;
				INFOPLIST_KEY_NSHumanReadableCopyright = "";
				LD_RUNPATH_SEARCH_PATHS = (
					"$(inherited)",
					"@executable_path/../Frameworks",
				);
				MARKETING_VERSION = 1.0;
				PRODUCT_BUNDLE_IDENTIFIER = "com.ri.endpoint-qa-automation-test-ram4ik";
				PRODUCT_NAME = "$(TARGET_NAME)";
				SWIFT_EMIT_LOC_STRINGS = YES;
				SWIFT_VERSION = 5.0;
			};
			name = Release;
		};
		5E1C9E902BFC81C200AB9E1D /* Debug */ = {
			isa = XCBuildConfiguration;
			buildSettings = {
				CLANG_ENABLE_MODULES = YES;
				CODE_SIGN_STYLE = Automatic;
				CURRENT_PROJECT_VERSION = 1;
				DEVELOPMENT_TEAM = L8W86DZDY2;
				GENERATE_INFOPLIST_FILE = YES;
				MARKETING_VERSION = 1.0;
				PRODUCT_BUNDLE_IDENTIFIER = "com.ri.endpoint-qa-automation-test-ram4ikUITests";
				PRODUCT_NAME = "$(TARGET_NAME)";
				SWIFT_EMIT_LOC_STRINGS = NO;
				SWIFT_OBJC_BRIDGING_HEADER = "endpoint-qa-automation-test-ram4ikUITests/endpoint-qa-automation-test-ram4ikUITests-Bridging-Header.h";
				SWIFT_OPTIMIZATION_LEVEL = "-Onone";
				SWIFT_VERSION = 5.0;
				TEST_TARGET_NAME = "endpoint-qa-automation-test-ram4ik";
			};
			name = Debug;
		};
		5E1C9E912BFC81C200AB9E1D /* Release */ = {
			isa = XCBuildConfiguration;
			buildSettings = {
				CLANG_ENABLE_MODULES = YES;
				CODE_SIGN_STYLE = Automatic;
				CURRENT_PROJECT_VERSION = 1;
				DEVELOPMENT_TEAM = L8W86DZDY2;
				GENERATE_INFOPLIST_FILE = YES;
				MARKETING_VERSION = 1.0;
				PRODUCT_BUNDLE_IDENTIFIER = "com.ri.endpoint-qa-automation-test-ram4ikUITests";
				PRODUCT_NAME = "$(TARGET_NAME)";
				SWIFT_EMIT_LOC_STRINGS = NO;
				SWIFT_OBJC_BRIDGING_HEADER = "endpoint-qa-automation-test-ram4ikUITests/endpoint-qa-automation-test-ram4ikUITests-Bridging-Header.h";
				SWIFT_VERSION = 5.0;
				TEST_TARGET_NAME = "endpoint-qa-automation-test-ram4ik";
			};
			name = Release;
		};
/* End XCBuildConfiguration section */

/* Begin XCConfigurationList section */
		5E1C9E6C2BFC819200AB9E1D /* Build configuration list for PBXProject "endpoint-qa-automation-test-ram4ik" */ = {
			isa = XCConfigurationList;
			buildConfigurations = (
				5E1C9E7E2BFC819300AB9E1D /* Debug */,
				5E1C9E7F2BFC819300AB9E1D /* Release */,
			);
			defaultConfigurationIsVisible = 0;
			defaultConfigurationName = Release;
		};
		5E1C9E802BFC819300AB9E1D /* Build configuration list for PBXNativeTarget "endpoint-qa-automation-test-ram4ik" */ = {
			isa = XCConfigurationList;
			buildConfigurations = (
				5E1C9E812BFC819300AB9E1D /* Debug */,
				5E1C9E822BFC819300AB9E1D /* Release */,
			);
			defaultConfigurationIsVisible = 0;
			defaultConfigurationName = Release;
		};
		5E1C9E8F2BFC81C200AB9E1D /* Build configuration list for PBXNativeTarget "endpoint-qa-automation-test-ram4ikUITests" */ = {
			isa = XCConfigurationList;
			buildConfigurations = (
				5E1C9E902BFC81C200AB9E1D /* Debug */,
				5E1C9E912BFC81C200AB9E1D /* Release */,
			);
			defaultConfigurationIsVisible = 0;
			defaultConfigurationName = Release;
		};
/* End XCConfigurationList section */
	};
	rootObject = 5E1C9E692BFC819200AB9E1D /* Project object */;
}
